<?xml version="1.0" encoding="utf-8"?>
<Project ToolsVersion="4.0" xmlns="http://schemas.microsoft.com/developer/msbuild/2003">
  <ItemGroup>
    <Filter Include="Source Files">
      <UniqueIdentifier>{4FC737F1-C7A5-4376-A066-2A32D752A2FF}</UniqueIdentifier>
      <Extensions>cpp;c;cc;cxx;def;odl;idl;hpj;bat;asm;asmx</Extensions>
    </Filter>
    <Filter Include="Header Files">
      <UniqueIdentifier>{93995380-89BD-4b04-88EB-625FBE52EBFB}</UniqueIdentifier>
      <Extensions>h;hh;hpp;hxx;hm;inl;inc;xsd</Extensions>
    </Filter>
    <Filter Include="Resource Files">
      <UniqueIdentifier>{67DA6AB6-F800-4c08-8B7A-83BB121AAD01}</UniqueIdentifier>
      <Extensions>qrc;rc;ico;cur;bmp;dlg;rc2;rct;bin;rgs;gif;jpg;jpeg;jpe;resx;tiff;tif;png;wav;mfcribbon-ms</Extensions>
    </Filter>
    <Filter Include="Form Files">
      <UniqueIdentifier>{99349809-55BA-4b9d-BF79-8FDBB0286EB3}</UniqueIdentifier>
      <Extensions>ui</Extensions>
    </Filter>
    <Filter Include="Translation Files">
      <UniqueIdentifier>{639EADAA-A684-42e4-A9AD-28FC9BCB8F7C}</UniqueIdentifier>
      <Extensions>ts</Extensions>
    </Filter>
    <Filter Include="Libraries">
      <UniqueIdentifier>{a94f8f01-aa82-4b36-ab9f-0b494ef11a60}</UniqueIdentifier>
    </Filter>
    <Filter Include="Source Files\Widgets">
      <UniqueIdentifier>{2f314a3e-5726-4ee8-9d67-2400e8c0ab2a}</UniqueIdentifier>
    </Filter>
    <Filter Include="Header Files\Widgets">
      <UniqueIdentifier>{1e9c4985-f484-4b13-8b05-73131db3682a}</UniqueIdentifier>
    </Filter>
  </ItemGroup>
  <ItemGroup>
    <QtRcc Include="CrystalMelody.qrc">
      <Filter>Resource Files</Filter>
    </QtRcc>
    <QtUic Include="CrystalMelody.ui">
      <Filter>Form Files</Filter>
    </QtUic>
  </ItemGroup>
  <ItemGroup>
    <ClCompile Include="Main.cpp">
      <Filter>Source Files</Filter>
    </ClCompile>
    <ClCompile Include="CrystalPlayer.cpp">
      <Filter>Source Files</Filter>
    </ClCompile>
    <ClCompile Include="CrystalIndexInfos.cpp">
      <Filter>Source Files</Filter>
    </ClCompile>
    <ClCompile Include="CrystalProfile.cpp">
      <Filter>Source Files</Filter>
    </ClCompile>
    <ClCompile Include="CrystalDynamicEngine.cpp">
      <Filter>Source Files</Filter>
    </ClCompile>
    <ClCompile Include="CrystalPackage.cpp">
      <Filter>Source Files</Filter>
    </ClCompile>
    <ClCompile Include="FunctionalLibrary.cpp">
      <Filter>Source Files</Filter>
    </ClCompile>
    <ClCompile Include="CrystalStyleSheetEditor.cpp">
      <Filter>Source Files</Filter>
    </ClCompile>
    <ClCompile Include="CrystalMelodyTheme.cpp">
      <Filter>Source Files</Filter>
    </ClCompile>
    <ClCompile Include="CrystalFileSystem.cpp">
      <Filter>Source Files</Filter>
    </ClCompile>
    <ClCompile Include="CrystalExplorer.cpp">
      <Filter>Source Files\Widgets</Filter>
    </ClCompile>
    <ClCompile Include="CrystalFramelessWidget.cpp">
      <Filter>Source Files\Widgets</Filter>
    </ClCompile>
    <ClCompile Include="CrystalMelody.cpp">
      <Filter>Source Files\Widgets</Filter>
    </ClCompile>
    <ClCompile Include="CrystalSlider.cpp">
      <Filter>Source Files\Widgets</Filter>
    </ClCompile>
    <ClCompile Include="CrystalVideoWidget.cpp">
      <Filter>Source Files\Widgets</Filter>
    </ClCompile>
    <ClCompile Include="CrystalImageViewer.cpp">
      <Filter>Source Files\Widgets</Filter>
    </ClCompile>
    <ClCompile Include="CrystalExplorerPage.cpp">
      <Filter>Source Files\Widgets</Filter>
    </ClCompile>
    <ClCompile Include="CrystalFileSystemModel.cpp">
      <Filter>Source Files</Filter>
    </ClCompile>
    <ClCompile Include="CrystalExporerTabWidget.cpp">
      <Filter>Source Files\Widgets</Filter>
    </ClCompile>
    <ClCompile Include="CrystalExplorerTabWidget.cpp">
      <Filter>Source Files</Filter>
    </ClCompile>
    <ClCompile Include="CompileConfiguration.h">
      <Filter>Header Files</Filter>
    </ClCompile>
  </ItemGroup>
  <ItemGroup>
    <ClInclude Include="DefaultWidgetConfigurations.h">
      <Filter>Header Files</Filter>
    </ClInclude>
    <ClInclude Include="CrystalIndexInfos.h">
      <Filter>Header Files</Filter>
    </ClInclude>
    <ClInclude Include="Icon.h">
      <Filter>Header Files</Filter>
    </ClInclude>
    <ClInclude Include="CrystalProfile.h">
      <Filter>Header Files</Filter>
    </ClInclude>
    <ClInclude Include="CrystalDynamicEngine.h">
      <Filter>Header Files</Filter>
    </ClInclude>
    <ClInclude Include="CrystalPackage.h">
      <Filter>Header Files</Filter>
    </ClInclude>
    <ClInclude Include="FunctionalLibrary.h">
      <Filter>Header Files</Filter>
    </ClInclude>
    <ClInclude Include="CrystalStyleSheetEditor.h">
      <Filter>Header Files</Filter>
    </ClInclude>
    <ClInclude Include="CrystalMelodyTheme.h">
      <Filter>Header Files</Filter>
    </ClInclude>
    <ClInclude Include="CrystalFileSystem.h">
      <Filter>Header Files</Filter>
    </ClInclude>
    <ClInclude Include="CrystalImageViewer.h">
      <Filter>Header Files\Widgets</Filter>
    </ClInclude>
    <ClInclude Include="CrystalFileSystemModel.h">
      <Filter>Header Files</Filter>
    </ClInclude>
    <ClInclude Include="DebugLibrary.h">
      <Filter>Header Files</Filter>
    </ClInclude>
    <ClInclude Include="DefaultStyleSheets.h">
      <Filter>Header Files</Filter>
    </ClInclude>
    <ClInclude Include="DefaultMessages.h">
      <Filter>Header Files</Filter>
    </ClInclude>
    <ClInclude Include="CrystalFramelessWidget.h">
      <Filter>Header Files\Widgets</Filter>
    </ClInclude>
    <ClInclude Include="CrystalSlider.h">
      <Filter>Header Files\Widgets</Filter>
    </ClInclude>
  </ItemGroup>
  <ItemGroup>
    <QtMoc Include="CrystalPlayer.h">
      <Filter>Header Files</Filter>
    </QtMoc>
    <QtMoc Include="CrystalExplorer.h">
      <Filter>Header Files\Widgets</Filter>
    </QtMoc>
    <QtMoc Include="CrystalMelody.h">
      <Filter>Header Files\Widgets</Filter>
    </QtMoc>
    <QtMoc Include="CrystalVideoWidget.h">
      <Filter>Header Files\Widgets</Filter>
    </QtMoc>
    <QtMoc Include="CrystalExplorerTabWidget.h">
      <Filter>Header Files\Widgets</Filter>
    </QtMoc>
    <QtMoc Include="CrystalExplorerPage.h">
      <Filter>Header Files\Widgets</Filter>
    </QtMoc>
  </ItemGroup>
  <ItemGroup>
    <ResourceCompile Include="CrystalMelody.rc">
      <Filter>Resource Files</Filter>
    </ResourceCompile>
  </ItemGroup>
  <ItemGroup>
    <Image Include="Resource\Graphics\icon.ico">
      <Filter>Resource Files</Filter>
    </Image>
  </ItemGroup>
  <ItemGroup>
    <QtUic Include="CrystalExplorer.ui">
      <Filter>Form Files</Filter>
    </QtUic>
  </ItemGroup>
</Project>